
Microsoft Visual Studio Solution File, Format Version 12.00
# Visual Studio Version 16
VisualStudioVersion = 16.0.32002.261
MinimumVisualStudioVersion = 10.0.40219.1
Project("{8BC9CEB8-8B4A-11D0-8D11-00A0C91BC942}") = "Odleglosc_predkosc", "Odleglosc_predkosc\Odleglosc_predkosc.vcxproj", "{6D07D119-8A09-4B38-ACAD-FB108A5D1099}"
EndProject
Global
	GlobalSection(SolutionConfigurationPlatforms) = preSolution
		Debug|x64 = Debug|x64
		Debug|x86 = Debug|x86
		Release|x64 = Release|x64
		Release|x86 = Release|x86
	EndGlobalSection
	GlobalSection(ProjectConfigurationPlatforms) = postSolution
		{6D07D119-8A09-4B38-ACAD-FB108A5D1099}.Debug|x64.ActiveCfg = Debug|x64
		{6D07D119-8A09-4B38-ACAD-FB108A5D1099}.Debug|x64.Build.0 = Debug|x64
		{6D07D119-8A09-4B38-ACAD-FB108A5D1099}.Debug|x86.ActiveCfg = Debug|Win32
		{6D07D119-8A09-4B38-ACAD-FB108A5D1099}.Debug|x86.Build.0 = Debug|Win32
		{6D07D119-8A09-4B38-ACAD-FB108A5D1099}.Release|x64.ActiveCfg = Release|x64
		{6D07D119-8A09-4B38-ACAD-FB108A5D1099}.Release|x64.Build.0 = Release|x64
		{6D07D119-8A09-4B38-ACAD-FB108A5D1099}.Release|x86.ActiveCfg = Release|Win32
		{6D07D119-8A09-4B38-ACAD-FB108A5D1099}.Release|x86.Build.0 = Release|Win32
	EndGlobalSection
	GlobalSection(SolutionProperties) = preSolution
		HideSolutionNode = FALSE
	EndGlobalSection
	GlobalSection(ExtensibilityGlobals) = postSolution
		SolutionGuid = {3135B4D5-5687-4956-82B5-06C8BD1BC2B3}
	EndGlobalSection
EndGlobal
